
Microsoft Visual Studio Solution File, Format Version 12.00
# Visual Studio Version 17
VisualStudioVersion = 17.2.32516.85
MinimumVisualStudioVersion = 10.0.40219.1
Project("{FAE04EC0-301F-11D3-BF4B-00C04F79EFBC}") = "ServerProj", "ServerProj\ServerProj.csproj", "{D56E4798-9AE6-4954-9B83-BE73DE56725D}"
EndProject
Project("{FAE04EC0-301F-11D3-BF4B-00C04F79EFBC}") = "ClientProj", "ClientProj\ClientProj.csproj", "{F791A5CC-F58F-4AEC-A4AF-CF05BB8E263E}"
EndProject
Global
	GlobalSection(SolutionConfigurationPlatforms) = preSolution
		Debug|Any CPU = Debug|Any CPU
		Release|Any CPU = Release|Any CPU
	EndGlobalSection
	GlobalSection(ProjectConfigurationPlatforms) = postSolution
		{D56E4798-9AE6-4954-9B83-BE73DE56725D}.Debug|Any CPU.ActiveCfg = Debug|Any CPU
		{D56E4798-9AE6-4954-9B83-BE73DE56725D}.Debug|Any CPU.Build.0 = Debug|Any CPU
		{D56E4798-9AE6-4954-9B83-BE73DE56725D}.Release|Any CPU.ActiveCfg = Release|Any CPU
		{D56E4798-9AE6-4954-9B83-BE73DE56725D}.Release|Any CPU.Build.0 = Release|Any CPU
		{F791A5CC-F58F-4AEC-A4AF-CF05BB8E263E}.Debug|Any CPU.ActiveCfg = Debug|Any CPU
		{F791A5CC-F58F-4AEC-A4AF-CF05BB8E263E}.Debug|Any CPU.Build.0 = Debug|Any CPU
		{F791A5CC-F58F-4AEC-A4AF-CF05BB8E263E}.Release|Any CPU.ActiveCfg = Release|Any CPU
		{F791A5CC-F58F-4AEC-A4AF-CF05BB8E263E}.Release|Any CPU.Build.0 = Release|Any CPU
	EndGlobalSection
	GlobalSection(SolutionProperties) = preSolution
		HideSolutionNode = FALSE
	EndGlobalSection
	GlobalSection(ExtensibilityGlobals) = postSolution
		SolutionGuid = {C2CB159D-71C2-4907-A77A-28CDA5CE783E}
	EndGlobalSection
EndGlobal
